
Microsoft Visual Studio Solution File, Format Version 12.00
# Visual Studio Version 16
VisualStudioVersion = 16.0.30621.155
MinimumVisualStudioVersion = 10.0.40219.1
Project("{FAE04EC0-301F-11D3-BF4B-00C04F79EFBC}") = "Log4NetTutorial", "Log4NetTutorial.csproj", "{632DB4BF-3F83-40F1-8D0A-B21B8DEFF451}"
EndProject
Global
	GlobalSection(SolutionConfigurationPlatforms) = preSolution
		Debug|Any CPU = Debug|Any CPU
		Release|Any CPU = Release|Any CPU
	EndGlobalSection
	GlobalSection(ProjectConfigurationPlatforms) = postSolution
		{632DB4BF-3F83-40F1-8D0A-B21B8DEFF451}.Debug|Any CPU.ActiveCfg = Debug|Any CPU
		{632DB4BF-3F83-40F1-8D0A-B21B8DEFF451}.Debug|Any CPU.Build.0 = Debug|Any CPU
		{632DB4BF-3F83-40F1-8D0A-B21B8DEFF451}.Release|Any CPU.ActiveCfg = Release|Any CPU
		{632DB4BF-3F83-40F1-8D0A-B21B8DEFF451}.Release|Any CPU.Build.0 = Release|Any CPU
	EndGlobalSection
	GlobalSection(SolutionProperties) = preSolution
		HideSolutionNode = FALSE
	EndGlobalSection
	GlobalSection(ExtensibilityGlobals) = postSolution
		SolutionGuid = {273EB0AC-928E-4B7C-A455-BC72440365E7}
	EndGlobalSection
EndGlobal
